// !$*UTF8*$!
{
	archiveVersion = 1;
	classes = {
	};
	objectVersion = 55;
	objects = {

/* Begin PBXBuildFile section */
		6C5EA34627AD273400C76F8F /* MissionView.swift in Sources */ = {isa = PBXBuildFile; fileRef = 6C5EA34527AD273400C76F8F /* MissionView.swift */; };
		6C5EA34827AD8DF200C76F8F /* AstronautView.swift in Sources */ = {isa = PBXBuildFile; fileRef = 6C5EA34727AD8DF200C76F8F /* AstronautView.swift */; };
		6C6988C427A973A900E3F56A /* Color-Theme.swift in Sources */ = {isa = PBXBuildFile; fileRef = 6C6988C327A973A900E3F56A /* Color-Theme.swift */; };
		6C6D7FBA27B101FA00CEBC9E /* ContentViewChallenge.swift in Sources */ = {isa = PBXBuildFile; fileRef = 6C6D7FB927B101FA00CEBC9E /* ContentViewChallenge.swift */; };
		6CC9AF6927A3EC9800FBC519 /* MoonShotApp.swift in Sources */ = {isa = PBXBuildFile; fileRef = 6CC9AF6827A3EC9800FBC519 /* MoonShotApp.swift */; };
		6CC9AF6B27A3EC9800FBC519 /* ContentView.swift in Sources */ = {isa = PBXBuildFile; fileRef = 6CC9AF6A27A3EC9800FBC519 /* ContentView.swift */; };
		6CC9AF6D27A3EC9900FBC519 /* Assets.xcassets in Resources */ = {isa = PBXBuildFile; fileRef = 6CC9AF6C27A3EC9900FBC519 /* Assets.xcassets */; };
		6CC9AF7027A3EC9900FBC519 /* Preview Assets.xcassets in Resources */ = {isa = PBXBuildFile; fileRef = 6CC9AF6F27A3EC9900FBC519 /* Preview Assets.xcassets */; };
		6CC9AF7827A3ED1000FBC519 /* ResizingImage.swift in Sources */ = {isa = PBXBuildFile; fileRef = 6CC9AF7727A3ED1000FBC519 /* ResizingImage.swift */; };
		6CC9AF7A27A40B3F00FBC519 /* GeoReader.swift in Sources */ = {isa = PBXBuildFile; fileRef = 6CC9AF7927A40B3F00FBC519 /* GeoReader.swift */; };
		6CC9AF7C27A414D300FBC519 /* ViewScrolling.swift in Sources */ = {isa = PBXBuildFile; fileRef = 6CC9AF7B27A414D300FBC519 /* ViewScrolling.swift */; };
		6CC9AF7E27A41EC200FBC519 /* NavView.swift in Sources */ = {isa = PBXBuildFile; fileRef = 6CC9AF7D27A41EC200FBC519 /* NavView.swift */; };
		6CC9AF8027A42D2A00FBC519 /* HierarchicalCodable.swift in Sources */ = {isa = PBXBuildFile; fileRef = 6CC9AF7F27A42D2A00FBC519 /* HierarchicalCodable.swift */; };
		6CC9AF8227A434BB00FBC519 /* Grids.swift in Sources */ = {isa = PBXBuildFile; fileRef = 6CC9AF8127A434BB00FBC519 /* Grids.swift */; };
		6CCC7E8127A82E5800CFE5A6 /* missions.json in Resources */ = {isa = PBXBuildFile; fileRef = 6CCC7E7F27A82E5800CFE5A6 /* missions.json */; };
		6CCC7E8227A82E5800CFE5A6 /* astronauts.json in Resources */ = {isa = PBXBuildFile; fileRef = 6CCC7E8027A82E5800CFE5A6 /* astronauts.json */; };
		6CCC7E8427A82EBA00CFE5A6 /* Astronaut.swift in Sources */ = {isa = PBXBuildFile; fileRef = 6CCC7E8327A82EBA00CFE5A6 /* Astronaut.swift */; };
		6CCC7E8627A82F0600CFE5A6 /* Bundle-Decodable.swift in Sources */ = {isa = PBXBuildFile; fileRef = 6CCC7E8527A82F0600CFE5A6 /* Bundle-Decodable.swift */; };
		6CCC7E8827A83AEC00CFE5A6 /* Mission.swift in Sources */ = {isa = PBXBuildFile; fileRef = 6CCC7E8727A83AEC00CFE5A6 /* Mission.swift */; };
/* End PBXBuildFile section */

/* Begin PBXFileReference section */
		6C5EA34527AD273400C76F8F /* MissionView.swift */ = {isa = PBXFileReference; lastKnownFileType = sourcecode.swift; path = MissionView.swift; sourceTree = "<group>"; };
		6C5EA34727AD8DF200C76F8F /* AstronautView.swift */ = {isa = PBXFileReference; lastKnownFileType = sourcecode.swift; path = AstronautView.swift; sourceTree = "<group>"; };
		6C6988C327A973A900E3F56A /* Color-Theme.swift */ = {isa = PBXFileReference; lastKnownFileType = sourcecode.swift; path = "Color-Theme.swift"; sourceTree = "<group>"; };
		6C6D7FB927B101FA00CEBC9E /* ContentViewChallenge.swift */ = {isa = PBXFileReference; lastKnownFileType = sourcecode.swift; path = ContentViewChallenge.swift; sourceTree = "<group>"; };
		6CC9AF6527A3EC9800FBC519 /* MoonShot.app */ = {isa = PBXFileReference; explicitFileType = wrapper.application; includeInIndex = 0; path = MoonShot.app; sourceTree = BUILT_PRODUCTS_DIR; };
		6CC9AF6827A3EC9800FBC519 /* MoonShotApp.swift */ = {isa = PBXFileReference; lastKnownFileType = sourcecode.swift; path = MoonShotApp.swift; sourceTree = "<group>"; };
		6CC9AF6A27A3EC9800FBC519 /* ContentView.swift */ = {isa = PBXFileReference; lastKnownFileType = sourcecode.swift; path = ContentView.swift; sourceTree = "<group>"; };
		6CC9AF6C27A3EC9900FBC519 /* Assets.xcassets */ = {isa = PBXFileReference; lastKnownFileType = folder.assetcatalog; path = Assets.xcassets; sourceTree = "<group>"; };
		6CC9AF6F27A3EC9900FBC519 /* Preview Assets.xcassets */ = {isa = PBXFileReference; lastKnownFileType = folder.assetcatalog; path = "Preview Assets.xcassets"; sourceTree = "<group>"; };
		6CC9AF7727A3ED1000FBC519 /* ResizingImage.swift */ = {isa = PBXFileReference; lastKnownFileType = sourcecode.swift; path = ResizingImage.swift; sourceTree = "<group>"; };
		6CC9AF7927A40B3F00FBC519 /* GeoReader.swift */ = {isa = PBXFileReference; lastKnownFileType = sourcecode.swift; path = GeoReader.swift; sourceTree = "<group>"; };
		6CC9AF7B27A414D300FBC519 /* ViewScrolling.swift */ = {isa = PBXFileReference; lastKnownFileType = sourcecode.swift; path = ViewScrolling.swift; sourceTree = "<group>"; };
		6CC9AF7D27A41EC200FBC519 /* NavView.swift */ = {isa = PBXFileReference; lastKnownFileType = sourcecode.swift; path = NavView.swift; sourceTree = "<group>"; };
		6CC9AF7F27A42D2A00FBC519 /* HierarchicalCodable.swift */ = {isa = PBXFileReference; lastKnownFileType = sourcecode.swift; path = HierarchicalCodable.swift; sourceTree = "<group>"; };
		6CC9AF8127A434BB00FBC519 /* Grids.swift */ = {isa = PBXFileReference; lastKnownFileType = sourcecode.swift; path = Grids.swift; sourceTree = "<group>"; };
		6CCC7E7F27A82E5800CFE5A6 /* missions.json */ = {isa = PBXFileReference; fileEncoding = 4; lastKnownFileType = text.json; path = missions.json; sourceTree = "<group>"; };
		6CCC7E8027A82E5800CFE5A6 /* astronauts.json */ = {isa = PBXFileReference; fileEncoding = 4; lastKnownFileType = text.json; path = astronauts.json; sourceTree = "<group>"; };
		6CCC7E8327A82EBA00CFE5A6 /* Astronaut.swift */ = {isa = PBXFileReference; lastKnownFileType = sourcecode.swift; path = Astronaut.swift; sourceTree = "<group>"; };
		6CCC7E8527A82F0600CFE5A6 /* Bundle-Decodable.swift */ = {isa = PBXFileReference; lastKnownFileType = sourcecode.swift; path = "Bundle-Decodable.swift"; sourceTree = "<group>"; };
		6CCC7E8727A83AEC00CFE5A6 /* Mission.swift */ = {isa = PBXFileReference; lastKnownFileType = sourcecode.swift; path = Mission.swift; sourceTree = "<group>"; };
/* End PBXFileReference section */

/* Begin PBXFrameworksBuildPhase section */
		6CC9AF6227A3EC9800FBC519 /* Frameworks */ = {
			isa = PBXFrameworksBuildPhase;
			buildActionMask = 2147483647;
			files = (
			);
			runOnlyForDeploymentPostprocessing = 0;
		};
/* End PBXFrameworksBuildPhase section */

/* Begin PBXGroup section */
		6CC9AF5C27A3EC9800FBC519 = {
			isa = PBXGroup;
			children = (
				6CC9AF6727A3EC9800FBC519 /* MoonShot */,
				6CC9AF6627A3EC9800FBC519 /* Products */,
			);
			sourceTree = "<group>";
		};
		6CC9AF6627A3EC9800FBC519 /* Products */ = {
			isa = PBXGroup;
			children = (
				6CC9AF6527A3EC9800FBC519 /* MoonShot.app */,
			);
			name = Products;
			sourceTree = "<group>";
		};
		6CC9AF6727A3EC9800FBC519 /* MoonShot */ = {
			isa = PBXGroup;
			children = (
				6CC9AF7627A3ECE500FBC519 /* Learning */,
				6CC9AF6827A3EC9800FBC519 /* MoonShotApp.swift */,
				6CC9AF6A27A3EC9800FBC519 /* ContentView.swift */,
				6C6D7FB927B101FA00CEBC9E /* ContentViewChallenge.swift */,
				6C5EA34527AD273400C76F8F /* MissionView.swift */,
				6C5EA34727AD8DF200C76F8F /* AstronautView.swift */,
				6CCC7E8327A82EBA00CFE5A6 /* Astronaut.swift */,
				6CCC7E8727A83AEC00CFE5A6 /* Mission.swift */,
				6CCC7E8527A82F0600CFE5A6 /* Bundle-Decodable.swift */,
				6C6988C327A973A900E3F56A /* Color-Theme.swift */,
				6CCC7E8027A82E5800CFE5A6 /* astronauts.json */,
				6CCC7E7F27A82E5800CFE5A6 /* missions.json */,
				6CC9AF6C27A3EC9900FBC519 /* Assets.xcassets */,
				6CC9AF6E27A3EC9900FBC519 /* Preview Content */,
			);
			path = MoonShot;
			sourceTree = "<group>";
		};
		6CC9AF6E27A3EC9900FBC519 /* Preview Content */ = {
			isa = PBXGroup;
			children = (
				6CC9AF6F27A3EC9900FBC519 /* Preview Assets.xcassets */,
			);
			path = "Preview Content";
			sourceTree = "<group>";
		};
		6CC9AF7627A3ECE500FBC519 /* Learning */ = {
			isa = PBXGroup;
			children = (
				6CC9AF7727A3ED1000FBC519 /* ResizingImage.swift */,
				6CC9AF7927A40B3F00FBC519 /* GeoReader.swift */,
				6CC9AF7B27A414D300FBC519 /* ViewScrolling.swift */,
				6CC9AF7D27A41EC200FBC519 /* NavView.swift */,
				6CC9AF7F27A42D2A00FBC519 /* HierarchicalCodable.swift */,
				6CC9AF8127A434BB00FBC519 /* Grids.swift */,
			);
			path = Learning;
			sourceTree = "<group>";
		};
/* End PBXGroup section */

/* Begin PBXNativeTarget section */
		6CC9AF6427A3EC9800FBC519 /* MoonShot */ = {
			isa = PBXNativeTarget;
			buildConfigurationList = 6CC9AF7327A3EC9900FBC519 /* Build configuration list for PBXNativeTarget "MoonShot" */;
			buildPhases = (
				6CC9AF6127A3EC9800FBC519 /* Sources */,
				6CC9AF6227A3EC9800FBC519 /* Frameworks */,
				6CC9AF6327A3EC9800FBC519 /* Resources */,
			);
			buildRules = (
			);
			dependencies = (
			);
			name = MoonShot;
			productName = MoonShot;
			productReference = 6CC9AF6527A3EC9800FBC519 /* MoonShot.app */;
			productType = "com.apple.product-type.application";
		};
/* End PBXNativeTarget section */

/* Begin PBXProject section */
		6CC9AF5D27A3EC9800FBC519 /* Project object */ = {
			isa = PBXProject;
			attributes = {
				BuildIndependentTargetsInParallel = 1;
				LastSwiftUpdateCheck = 1320;
				LastUpgradeCheck = 1320;
				TargetAttributes = {
					6CC9AF6427A3EC9800FBC519 = {
						CreatedOnToolsVersion = 13.2.1;
					};
				};
			};
			buildConfigurationList = 6CC9AF6027A3EC9800FBC519 /* Build configuration list for PBXProject "MoonShot" */;
			compatibilityVersion = "Xcode 13.0";
			developmentRegion = en;
			hasScannedForEncodings = 0;
			knownRegions = (
				en,
				Base,
			);
			mainGroup = 6CC9AF5C27A3EC9800FBC519;
			productRefGroup = 6CC9AF6627A3EC9800FBC519 /* Products */;
			projectDirPath = "";
			projectRoot = "";
			targets = (
				6CC9AF6427A3EC9800FBC519 /* MoonShot */,
			);
		};
/* End PBXProject section */

/* Begin PBXResourcesBuildPhase section */
		6CC9AF6327A3EC9800FBC519 /* Resources */ = {
			isa = PBXResourcesBuildPhase;
			buildActionMask = 2147483647;
			files = (
				6CC9AF7027A3EC9900FBC519 /* Preview Assets.xcassets in Resources */,
				6CCC7E8127A82E5800CFE5A6 /* missions.json in Resources */,
				6CC9AF6D27A3EC9900FBC519 /* Assets.xcassets in Resources */,
				6CCC7E8227A82E5800CFE5A6 /* astronauts.json in Resources */,
			);
			runOnlyForDeploymentPostprocessing = 0;
		};
/* End PBXResourcesBuildPhase section */

/* Begin PBXSourcesBuildPhase section */
		6CC9AF6127A3EC9800FBC519 /* Sources */ = {
			isa = PBXSourcesBuildPhase;
			buildActionMask = 2147483647;
			files = (
				6C5EA34827AD8DF200C76F8F /* AstronautView.swift in Sources */,
				6CCC7E8827A83AEC00CFE5A6 /* Mission.swift in Sources */,
				6CCC7E8427A82EBA00CFE5A6 /* Astronaut.swift in Sources */,
				6CC9AF8027A42D2A00FBC519 /* HierarchicalCodable.swift in Sources */,
				6CC9AF7E27A41EC200FBC519 /* NavView.swift in Sources */,
				6CC9AF7C27A414D300FBC519 /* ViewScrolling.swift in Sources */,
				6CC9AF7A27A40B3F00FBC519 /* GeoReader.swift in Sources */,
				6CC9AF7827A3ED1000FBC519 /* ResizingImage.swift in Sources */,
				6C5EA34627AD273400C76F8F /* MissionView.swift in Sources */,
				6C6988C427A973A900E3F56A /* Color-Theme.swift in Sources */,
				6CC9AF6B27A3EC9800FBC519 /* ContentView.swift in Sources */,
				6CCC7E8627A82F0600CFE5A6 /* Bundle-Decodable.swift in Sources */,
				6CC9AF6927A3EC9800FBC519 /* MoonShotApp.swift in Sources */,
				6C6D7FBA27B101FA00CEBC9E /* ContentViewChallenge.swift in Sources */,
				6CC9AF8227A434BB00FBC519 /* Grids.swift in Sources */,
			);
			runOnlyForDeploymentPostprocessing = 0;
		};
/* End PBXSourcesBuildPhase section */

/* Begin XCBuildConfiguration section */
		6CC9AF7127A3EC9900FBC519 /* Debug */ = {
			isa = XCBuildConfiguration;
			buildSettings = {
				ALWAYS_SEARCH_USER_PATHS = NO;
				CLANG_ANALYZER_NONNULL = YES;
				CLANG_ANALYZER_NUMBER_OBJECT_CONVERSION = YES_AGGRESSIVE;
				CLANG_CXX_LANGUAGE_STANDARD = "gnu++17";
				CLANG_CXX_LIBRARY = "libc++";
				CLANG_ENABLE_MODULES = YES;
				CLANG_ENABLE_OBJC_ARC = YES;
				CLANG_ENABLE_OBJC_WEAK = YES;
				CLANG_WARN_BLOCK_CAPTURE_AUTORELEASING = YES;
				CLANG_WARN_BOOL_CONVERSION = YES;
				CLANG_WARN_COMMA = YES;
				CLANG_WARN_CONSTANT_CONVERSION = YES;
				CLANG_WARN_DEPRECATED_OBJC_IMPLEMENTATIONS = YES;
				CLANG_WARN_DIRECT_OBJC_ISA_USAGE = YES_ERROR;
				CLANG_WARN_DOCUMENTATION_COMMENTS = YES;
				CLANG_WARN_EMPTY_BODY = YES;
				CLANG_WARN_ENUM_CONVERSION = YES;
				CLANG_WARN_INFINITE_RECURSION = YES;
				CLANG_WARN_INT_CONVERSION = YES;
				CLANG_WARN_NON_LITERAL_NULL_CONVERSION = YES;
				CLANG_WARN_OBJC_IMPLICIT_RETAIN_SELF = YES;
				CLANG_WARN_OBJC_LITERAL_CONVERSION = YES;
				CLANG_WARN_OBJC_ROOT_CLASS = YES_ERROR;
				CLANG_WARN_QUOTED_INCLUDE_IN_FRAMEWORK_HEADER = YES;
				CLANG_WARN_RANGE_LOOP_ANALYSIS = YES;
				CLANG_WARN_STRICT_PROTOTYPES = YES;
				CLANG_WARN_SUSPICIOUS_MOVE = YES;
				CLANG_WARN_UNGUARDED_AVAILABILITY = YES_AGGRESSIVE;
				CLANG_WARN_UNREACHABLE_CODE = YES;
				CLANG_WARN__DUPLICATE_METHOD_MATCH = YES;
				COPY_PHASE_STRIP = NO;
				DEBUG_INFORMATION_FORMAT = dwarf;
				ENABLE_STRICT_OBJC_MSGSEND = YES;
				ENABLE_TESTABILITY = YES;
				GCC_C_LANGUAGE_STANDARD = gnu11;
				GCC_DYNAMIC_NO_PIC = NO;
				GCC_NO_COMMON_BLOCKS = YES;
				GCC_OPTIMIZATION_LEVEL = 0;
				GCC_PREPROCESSOR_DEFINITIONS = (
					"DEBUG=1",
					"$(inherited)",
				);
				GCC_WARN_64_TO_32_BIT_CONVERSION = YES;
				GCC_WARN_ABOUT_RETURN_TYPE = YES_ERROR;
				GCC_WARN_UNDECLARED_SELECTOR = YES;
				GCC_WARN_UNINITIALIZED_AUTOS = YES_AGGRESSIVE;
				GCC_WARN_UNUSED_FUNCTION = YES;
				GCC_WARN_UNUSED_VARIABLE = YES;
				IPHONEOS_DEPLOYMENT_TARGET = 15.2;
				MTL_ENABLE_DEBUG_INFO = INCLUDE_SOURCE;
				MTL_FAST_MATH = YES;
				ONLY_ACTIVE_ARCH = YES;
				SDKROOT = iphoneos;
				SWIFT_ACTIVE_COMPILATION_CONDITIONS = DEBUG;
				SWIFT_OPTIMIZATION_LEVEL = "-Onone";
			};
			name = Debug;
		};
		6CC9AF7227A3EC9900FBC519 /* Release */ = {
			isa = XCBuildConfiguration;
			buildSettings = {
				ALWAYS_SEARCH_USER_PATHS = NO;
				CLANG_ANALYZER_NONNULL = YES;
				CLANG_ANALYZER_NUMBER_OBJECT_CONVERSION = YES_AGGRESSIVE;
				CLANG_CXX_LANGUAGE_STANDARD = "gnu++17";
				CLANG_CXX_LIBRARY = "libc++";
				CLANG_ENABLE_MODULES = YES;
				CLANG_ENABLE_OBJC_ARC = YES;
				CLANG_ENABLE_OBJC_WEAK = YES;
				CLANG_WARN_BLOCK_CAPTURE_AUTORELEASING = YES;
				CLANG_WARN_BOOL_CONVERSION = YES;
				CLANG_WARN_COMMA = YES;
				CLANG_WARN_CONSTANT_CONVERSION = YES;
				CLANG_WARN_DEPRECATED_OBJC_IMPLEMENTATIONS = YES;
				CLANG_WARN_DIRECT_OBJC_ISA_USAGE = YES_ERROR;
				CLANG_WARN_DOCUMENTATION_COMMENTS = YES;
				CLANG_WARN_EMPTY_BODY = YES;
				CLANG_WARN_ENUM_CONVERSION = YES;
				CLANG_WARN_INFINITE_RECURSION = YES;
				CLANG_WARN_INT_CONVERSION = YES;
				CLANG_WARN_NON_LITERAL_NULL_CONVERSION = YES;
				CLANG_WARN_OBJC_IMPLICIT_RETAIN_SELF = YES;
				CLANG_WARN_OBJC_LITERAL_CONVERSION = YES;
				CLANG_WARN_OBJC_ROOT_CLASS = YES_ERROR;
				CLANG_WARN_QUOTED_INCLUDE_IN_FRAMEWORK_HEADER = YES;
				CLANG_WARN_RANGE_LOOP_ANALYSIS = YES;
				CLANG_WARN_STRICT_PROTOTYPES = YES;
				CLANG_WARN_SUSPICIOUS_MOVE = YES;
				CLANG_WARN_UNGUARDED_AVAILABILITY = YES_AGGRESSIVE;
				CLANG_WARN_UNREACHABLE_CODE = YES;
				CLANG_WARN__DUPLICATE_METHOD_MATCH = YES;
				COPY_PHASE_STRIP = NO;
				DEBUG_INFORMATION_FORMAT = "dwarf-with-dsym";
				ENABLE_NS_ASSERTIONS = NO;
				ENABLE_STRICT_OBJC_MSGSEND = YES;
				GCC_C_LANGUAGE_STANDARD = gnu11;
				GCC_NO_COMMON_BLOCKS = YES;
				GCC_WARN_64_TO_32_BIT_CONVERSION = YES;
				GCC_WARN_ABOUT_RETURN_TYPE = YES_ERROR;
				GCC_WARN_UNDECLARED_SELECTOR = YES;
				GCC_WARN_UNINITIALIZED_AUTOS = YES_AGGRESSIVE;
				GCC_WARN_UNUSED_FUNCTION = YES;
				GCC_WARN_UNUSED_VARIABLE = YES;
				IPHONEOS_DEPLOYMENT_TARGET = 15.2;
				MTL_ENABLE_DEBUG_INFO = NO;
				MTL_FAST_MATH = YES;
				SDKROOT = iphoneos;
				SWIFT_COMPILATION_MODE = wholemodule;
				SWIFT_OPTIMIZATION_LEVEL = "-O";
				VALIDATE_PRODUCT = YES;
			};
			name = Release;
		};
		6CC9AF7427A3EC9900FBC519 /* Debug */ = {
			isa = XCBuildConfiguration;
			buildSettings = {
				ASSETCATALOG_COMPILER_APPICON_NAME = AppIcon;
				ASSETCATALOG_COMPILER_GLOBAL_ACCENT_COLOR_NAME = AccentColor;
				CODE_SIGN_STYLE = Automatic;
				CURRENT_PROJECT_VERSION = 1;
				DEVELOPMENT_ASSET_PATHS = "\"MoonShot/Preview Content\"";
				DEVELOPMENT_TEAM = VLQQ96A4XX;
				ENABLE_PREVIEWS = YES;
				GENERATE_INFOPLIST_FILE = YES;
				INFOPLIST_KEY_UIApplicationSceneManifest_Generation = YES;
				INFOPLIST_KEY_UIApplicationSupportsIndirectInputEvents = YES;
				INFOPLIST_KEY_UILaunchScreen_Generation = YES;
				INFOPLIST_KEY_UISupportedInterfaceOrientations_iPad = "UIInterfaceOrientationPortrait UIInterfaceOrientationPortraitUpsideDown UIInterfaceOrientationLandscapeLeft UIInterfaceOrientationLandscapeRight";
				INFOPLIST_KEY_UISupportedInterfaceOrientations_iPhone = "UIInterfaceOrientationPortrait UIInterfaceOrientationLandscapeLeft UIInterfaceOrientationLandscapeRight";
				LD_RUNPATH_SEARCH_PATHS = (
					"$(inherited)",
					"@executable_path/Frameworks",
				);
				MARKETING_VERSION = 1.0;
				PRODUCT_BUNDLE_IDENTIFIER = com.thi.MoonShot;
				PRODUCT_NAME = "$(TARGET_NAME)";
				SWIFT_EMIT_LOC_STRINGS = YES;
				SWIFT_VERSION = 5.0;
				TARGETED_DEVICE_FAMILY = "1,2";
			};
			name = Debug;
		};
		6CC9AF7527A3EC9900FBC519 /* Release */ = {
			isa = XCBuildConfiguration;
			buildSettings = {
				ASSETCATALOG_COMPILER_APPICON_NAME = AppIcon;
				ASSETCATALOG_COMPILER_GLOBAL_ACCENT_COLOR_NAME = AccentColor;
				CODE_SIGN_STYLE = Automatic;
				CURRENT_PROJECT_VERSION = 1;
				DEVELOPMENT_ASSET_PATHS = "\"MoonShot/Preview Content\"";
				DEVELOPMENT_TEAM = VLQQ96A4XX;
				ENABLE_PREVIEWS = YES;
				GENERATE_INFOPLIST_FILE = YES;
				INFOPLIST_KEY_UIApplicationSceneManifest_Generation = YES;
				INFOPLIST_KEY_UIApplicationSupportsIndirectInputEvents = YES;
				INFOPLIST_KEY_UILaunchScreen_Generation = YES;
				INFOPLIST_KEY_UISupportedInterfaceOrientations_iPad = "UIInterfaceOrientationPortrait UIInterfaceOrientationPortraitUpsideDown UIInterfaceOrientationLandscapeLeft UIInterfaceOrientationLandscapeRight";
				INFOPLIST_KEY_UISupportedInterfaceOrientations_iPhone = "UIInterfaceOrientationPortrait UIInterfaceOrientationLandscapeLeft UIInterfaceOrientationLandscapeRight";
				LD_RUNPATH_SEARCH_PATHS = (
					"$(inherited)",
					"@executable_path/Frameworks",
				);
				MARKETING_VERSION = 1.0;
				PRODUCT_BUNDLE_IDENTIFIER = com.thi.MoonShot;
				PRODUCT_NAME = "$(TARGET_NAME)";
				SWIFT_EMIT_LOC_STRINGS = YES;
				SWIFT_VERSION = 5.0;
				TARGETED_DEVICE_FAMILY = "1,2";
			};
			name = Release;
		};
/* End XCBuildConfiguration section */

/* Begin XCConfigurationList section */
		6CC9AF6027A3EC9800FBC519 /* Build configuration list for PBXProject "MoonShot" */ = {
			isa = XCConfigurationList;
			buildConfigurations = (
				6CC9AF7127A3EC9900FBC519 /* Debug */,
				6CC9AF7227A3EC9900FBC519 /* Release */,
			);
			defaultConfigurationIsVisible = 0;
			defaultConfigurationName = Release;
		};
		6CC9AF7327A3EC9900FBC519 /* Build configuration list for PBXNativeTarget "MoonShot" */ = {
			isa = XCConfigurationList;
			buildConfigurations = (
				6CC9AF7427A3EC9900FBC519 /* Debug */,
				6CC9AF7527A3EC9900FBC519 /* Release */,
			);
			defaultConfigurationIsVisible = 0;
			defaultConfigurationName = Release;
		};
/* End XCConfigurationList section */
	};
	rootObject = 6CC9AF5D27A3EC9800FBC519 /* Project object */;
}
